<Solution>
  <Folder Name="/src/">
    <Project Path="src/Hades.SaveFormat/Hades.SaveFormat.csproj" />
    <Project Path="src/Hades1-Editor/Hades1-Editor.csproj" />
  </Folder>
  <Folder Name="/tests/">
    <Project Path="tests/Hades1-Editor.Tests/Hades1-Editor.Tests.csproj" />
  </Folder>
</Solution>
